// !$*UTF8*$!
{
	archiveVersion = 1;
	classes = {
	};
	objectVersion = 56;
	objects = {

/* Begin PBXBuildFile section */
		F506C7E82904348C008931BA /* AppDelegate.swift in Sources */ = {isa = PBXBuildFile; fileRef = F506C7E72904348C008931BA /* AppDelegate.swift */; };
		F506C7EA2904348C008931BA /* SceneDelegate.swift in Sources */ = {isa = PBXBuildFile; fileRef = F506C7E92904348C008931BA /* SceneDelegate.swift */; };
		F506C7EC2904348C008931BA /* ViewController.swift in Sources */ = {isa = PBXBuildFile; fileRef = F506C7EB2904348C008931BA /* ViewController.swift */; };
		F506C7EF2904348C008931BA /* Main.storyboard in Resources */ = {isa = PBXBuildFile; fileRef = F506C7ED2904348C008931BA /* Main.storyboard */; };
		F506C7F22904348C008931BA /* MemeSoundBoard.xcdatamodeld in Sources */ = {isa = PBXBuildFile; fileRef = F506C7F02904348C008931BA /* MemeSoundBoard.xcdatamodeld */; };
		F506C7F42904348D008931BA /* Assets.xcassets in Resources */ = {isa = PBXBuildFile; fileRef = F506C7F32904348D008931BA /* Assets.xcassets */; };
		F506C7F72904348D008931BA /* LaunchScreen.storyboard in Resources */ = {isa = PBXBuildFile; fileRef = F506C7F52904348D008931BA /* LaunchScreen.storyboard */; };
		F506C8012905732F008931BA /* CollectionViewController.swift in Sources */ = {isa = PBXBuildFile; fileRef = F506C8002905732F008931BA /* CollectionViewController.swift */; };
		F506C80329057549008931BA /* CollectionViewCell.swift in Sources */ = {isa = PBXBuildFile; fileRef = F506C80229057549008931BA /* CollectionViewCell.swift */; };
		F5F2BF342907071800D702F3 /* Sound.swift in Sources */ = {isa = PBXBuildFile; fileRef = F5F2BF332907071800D702F3 /* Sound.swift */; };
		F5F2BF362907089800D702F3 /* SoundsModel.swift in Sources */ = {isa = PBXBuildFile; fileRef = F5F2BF352907089800D702F3 /* SoundsModel.swift */; };
		F5F2BF38290708FA00D702F3 /* SoundsBase.swift in Sources */ = {isa = PBXBuildFile; fileRef = F5F2BF37290708FA00D702F3 /* SoundsBase.swift */; };
		F5F2BF44290716F700D702F3 /* OMG It_'s Albert Einstein Sound Effect.mp3 in Resources */ = {isa = PBXBuildFile; fileRef = F5F2BF3C290716F700D702F3 /* OMG It_'s Albert Einstein Sound Effect.mp3 */; };
		F5F2BF45290716F700D702F3 /* AAUUUGGHHHHH Sound Effect.mp3 in Resources */ = {isa = PBXBuildFile; fileRef = F5F2BF3D290716F700D702F3 /* AAUUUGGHHHHH Sound Effect.mp3 */; };
		F5F2BF46290716F700D702F3 /* Oh N-Word You Gay Sound Effect.mp3 in Resources */ = {isa = PBXBuildFile; fileRef = F5F2BF3E290716F700D702F3 /* Oh N-Word You Gay Sound Effect.mp3 */; };
		F5F2BF47290716F700D702F3 /* Get Over Here Sound Effect.mp3 in Resources */ = {isa = PBXBuildFile; fileRef = F5F2BF3F290716F700D702F3 /* Get Over Here Sound Effect.mp3 */; };
		F5F2BF48290716F700D702F3 /* WTF Sound Effect.mp3 in Resources */ = {isa = PBXBuildFile; fileRef = F5F2BF40290716F700D702F3 /* WTF Sound Effect.mp3 */; };
		F5F2BF49290716F700D702F3 /* Laughing meme sound effect.mp3 in Resources */ = {isa = PBXBuildFile; fileRef = F5F2BF41290716F700D702F3 /* Laughing meme sound effect.mp3 */; };
		F5F2BF4A290716F700D702F3 /* Sad violin.mp3 in Resources */ = {isa = PBXBuildFile; fileRef = F5F2BF42290716F700D702F3 /* Sad violin.mp3 */; };
		F5F2BF4B290716F700D702F3 /* Do You Honestly Think You're Fuking Funny Sound Effect.mp3 in Resources */ = {isa = PBXBuildFile; fileRef = F5F2BF43290716F700D702F3 /* Do You Honestly Think You're Fuking Funny Sound Effect.mp3 */; };
/* End PBXBuildFile section */

/* Begin PBXFileReference section */
		F506C7E42904348C008931BA /* MemeSoundBoard.app */ = {isa = PBXFileReference; explicitFileType = wrapper.application; includeInIndex = 0; path = MemeSoundBoard.app; sourceTree = BUILT_PRODUCTS_DIR; };
		F506C7E72904348C008931BA /* AppDelegate.swift */ = {isa = PBXFileReference; lastKnownFileType = sourcecode.swift; path = AppDelegate.swift; sourceTree = "<group>"; };
		F506C7E92904348C008931BA /* SceneDelegate.swift */ = {isa = PBXFileReference; lastKnownFileType = sourcecode.swift; path = SceneDelegate.swift; sourceTree = "<group>"; };
		F506C7EB2904348C008931BA /* ViewController.swift */ = {isa = PBXFileReference; lastKnownFileType = sourcecode.swift; path = ViewController.swift; sourceTree = "<group>"; };
		F506C7EE2904348C008931BA /* Base */ = {isa = PBXFileReference; lastKnownFileType = file.storyboard; name = Base; path = Base.lproj/Main.storyboard; sourceTree = "<group>"; };
		F506C7F12904348C008931BA /* MemeSoundBoard.xcdatamodel */ = {isa = PBXFileReference; lastKnownFileType = wrapper.xcdatamodel; path = MemeSoundBoard.xcdatamodel; sourceTree = "<group>"; };
		F506C7F32904348D008931BA /* Assets.xcassets */ = {isa = PBXFileReference; lastKnownFileType = folder.assetcatalog; path = Assets.xcassets; sourceTree = "<group>"; };
		F506C7F62904348D008931BA /* Base */ = {isa = PBXFileReference; lastKnownFileType = file.storyboard; name = Base; path = Base.lproj/LaunchScreen.storyboard; sourceTree = "<group>"; };
		F506C7F82904348D008931BA /* Info.plist */ = {isa = PBXFileReference; lastKnownFileType = text.plist.xml; path = Info.plist; sourceTree = "<group>"; };
		F506C8002905732F008931BA /* CollectionViewController.swift */ = {isa = PBXFileReference; lastKnownFileType = sourcecode.swift; path = CollectionViewController.swift; sourceTree = "<group>"; };
		F506C80229057549008931BA /* CollectionViewCell.swift */ = {isa = PBXFileReference; lastKnownFileType = sourcecode.swift; path = CollectionViewCell.swift; sourceTree = "<group>"; };
		F5F2BF332907071800D702F3 /* Sound.swift */ = {isa = PBXFileReference; fileEncoding = 4; lastKnownFileType = sourcecode.swift; path = Sound.swift; sourceTree = "<group>"; };
		F5F2BF352907089800D702F3 /* SoundsModel.swift */ = {isa = PBXFileReference; lastKnownFileType = sourcecode.swift; path = SoundsModel.swift; sourceTree = "<group>"; };
		F5F2BF37290708FA00D702F3 /* SoundsBase.swift */ = {isa = PBXFileReference; lastKnownFileType = sourcecode.swift; path = SoundsBase.swift; sourceTree = "<group>"; };
		F5F2BF3C290716F700D702F3 /* OMG It_'s Albert Einstein Sound Effect.mp3 */ = {isa = PBXFileReference; lastKnownFileType = audio.mp3; path = "OMG It_'s Albert Einstein Sound Effect.mp3"; sourceTree = "<group>"; };
		F5F2BF3D290716F700D702F3 /* AAUUUGGHHHHH Sound Effect.mp3 */ = {isa = PBXFileReference; lastKnownFileType = audio.mp3; path = "AAUUUGGHHHHH Sound Effect.mp3"; sourceTree = "<group>"; };
		F5F2BF3E290716F700D702F3 /* Oh N-Word You Gay Sound Effect.mp3 */ = {isa = PBXFileReference; lastKnownFileType = audio.mp3; path = "Oh N-Word You Gay Sound Effect.mp3"; sourceTree = "<group>"; };
		F5F2BF3F290716F700D702F3 /* Get Over Here Sound Effect.mp3 */ = {isa = PBXFileReference; lastKnownFileType = audio.mp3; path = "Get Over Here Sound Effect.mp3"; sourceTree = "<group>"; };
		F5F2BF40290716F700D702F3 /* WTF Sound Effect.mp3 */ = {isa = PBXFileReference; lastKnownFileType = audio.mp3; path = "WTF Sound Effect.mp3"; sourceTree = "<group>"; };
		F5F2BF41290716F700D702F3 /* Laughing meme sound effect.mp3 */ = {isa = PBXFileReference; lastKnownFileType = audio.mp3; path = "Laughing meme sound effect.mp3"; sourceTree = "<group>"; };
		F5F2BF42290716F700D702F3 /* Sad violin.mp3 */ = {isa = PBXFileReference; lastKnownFileType = audio.mp3; path = "Sad violin.mp3"; sourceTree = "<group>"; };
		F5F2BF43290716F700D702F3 /* Do You Honestly Think You're Fuking Funny Sound Effect.mp3 */ = {isa = PBXFileReference; lastKnownFileType = audio.mp3; path = "Do You Honestly Think You're Fuking Funny Sound Effect.mp3"; sourceTree = "<group>"; };
/* End PBXFileReference section */

/* Begin PBXFrameworksBuildPhase section */
		F506C7E12904348C008931BA /* Frameworks */ = {
			isa = PBXFrameworksBuildPhase;
			buildActionMask = 2147483647;
			files = (
			);
			runOnlyForDeploymentPostprocessing = 0;
		};
/* End PBXFrameworksBuildPhase section */

/* Begin PBXGroup section */
		F506C7DB2904348C008931BA = {
			isa = PBXGroup;
			children = (
				F506C7E62904348C008931BA /* MemeSoundBoard */,
				F506C7E52904348C008931BA /* Products */,
			);
			sourceTree = "<group>";
		};
		F506C7E52904348C008931BA /* Products */ = {
			isa = PBXGroup;
			children = (
				F506C7E42904348C008931BA /* MemeSoundBoard.app */,
			);
			name = Products;
			sourceTree = "<group>";
		};
		F506C7E62904348C008931BA /* MemeSoundBoard */ = {
			isa = PBXGroup;
			children = (
				F506C7E72904348C008931BA /* AppDelegate.swift */,
				F506C7E92904348C008931BA /* SceneDelegate.swift */,
				F506C7EB2904348C008931BA /* ViewController.swift */,
				F506C7ED2904348C008931BA /* Main.storyboard */,
				F5F2BF352907089800D702F3 /* SoundsModel.swift */,
				F5F2BF37290708FA00D702F3 /* SoundsBase.swift */,
				F506C8002905732F008931BA /* CollectionViewController.swift */,
				F5F2BF332907071800D702F3 /* Sound.swift */,
				F506C80229057549008931BA /* CollectionViewCell.swift */,
				F5F2BF3B290716C100D702F3 /* Sounds */,
				F506C7F32904348D008931BA /* Assets.xcassets */,
				F506C7F52904348D008931BA /* LaunchScreen.storyboard */,
				F506C7F82904348D008931BA /* Info.plist */,
				F506C7F02904348C008931BA /* MemeSoundBoard.xcdatamodeld */,
			);
			path = MemeSoundBoard;
			sourceTree = "<group>";
		};
		F5F2BF3B290716C100D702F3 /* Sounds */ = {
			isa = PBXGroup;
			children = (
				F5F2BF3D290716F700D702F3 /* AAUUUGGHHHHH Sound Effect.mp3 */,
				F5F2BF43290716F700D702F3 /* Do You Honestly Think You're Fuking Funny Sound Effect.mp3 */,
				F5F2BF3F290716F700D702F3 /* Get Over Here Sound Effect.mp3 */,
				F5F2BF41290716F700D702F3 /* Laughing meme sound effect.mp3 */,
				F5F2BF3E290716F700D702F3 /* Oh N-Word You Gay Sound Effect.mp3 */,
				F5F2BF3C290716F700D702F3 /* OMG It_'s Albert Einstein Sound Effect.mp3 */,
				F5F2BF42290716F700D702F3 /* Sad violin.mp3 */,
				F5F2BF40290716F700D702F3 /* WTF Sound Effect.mp3 */,
			);
			path = Sounds;
			sourceTree = "<group>";
		};
/* End PBXGroup section */

/* Begin PBXNativeTarget section */
		F506C7E32904348C008931BA /* MemeSoundBoard */ = {
			isa = PBXNativeTarget;
			buildConfigurationList = F506C7FB2904348D008931BA /* Build configuration list for PBXNativeTarget "MemeSoundBoard" */;
			buildPhases = (
				F506C7E02904348C008931BA /* Sources */,
				F506C7E12904348C008931BA /* Frameworks */,
				F506C7E22904348C008931BA /* Resources */,
			);
			buildRules = (
			);
			dependencies = (
			);
			name = MemeSoundBoard;
			productName = MemeSoundBoard;
			productReference = F506C7E42904348C008931BA /* MemeSoundBoard.app */;
			productType = "com.apple.product-type.application";
		};
/* End PBXNativeTarget section */

/* Begin PBXProject section */
		F506C7DC2904348C008931BA /* Project object */ = {
			isa = PBXProject;
			attributes = {
				BuildIndependentTargetsInParallel = 1;
				LastSwiftUpdateCheck = 1400;
				LastUpgradeCheck = 1400;
				TargetAttributes = {
					F506C7E32904348C008931BA = {
						CreatedOnToolsVersion = 14.0.1;
					};
				};
			};
			buildConfigurationList = F506C7DF2904348C008931BA /* Build configuration list for PBXProject "MemeSoundBoard" */;
			compatibilityVersion = "Xcode 14.0";
			developmentRegion = en;
			hasScannedForEncodings = 0;
			knownRegions = (
				en,
				Base,
			);
			mainGroup = F506C7DB2904348C008931BA;
			productRefGroup = F506C7E52904348C008931BA /* Products */;
			projectDirPath = "";
			projectRoot = "";
			targets = (
				F506C7E32904348C008931BA /* MemeSoundBoard */,
			);
		};
/* End PBXProject section */

/* Begin PBXResourcesBuildPhase section */
		F506C7E22904348C008931BA /* Resources */ = {
			isa = PBXResourcesBuildPhase;
			buildActionMask = 2147483647;
			files = (
				F5F2BF46290716F700D702F3 /* Oh N-Word You Gay Sound Effect.mp3 in Resources */,
				F5F2BF48290716F700D702F3 /* WTF Sound Effect.mp3 in Resources */,
				F5F2BF47290716F700D702F3 /* Get Over Here Sound Effect.mp3 in Resources */,
				F5F2BF49290716F700D702F3 /* Laughing meme sound effect.mp3 in Resources */,
				F5F2BF44290716F700D702F3 /* OMG It_'s Albert Einstein Sound Effect.mp3 in Resources */,
				F506C7F72904348D008931BA /* LaunchScreen.storyboard in Resources */,
				F506C7F42904348D008931BA /* Assets.xcassets in Resources */,
				F5F2BF45290716F700D702F3 /* AAUUUGGHHHHH Sound Effect.mp3 in Resources */,
				F5F2BF4B290716F700D702F3 /* Do You Honestly Think You're Fuking Funny Sound Effect.mp3 in Resources */,
				F506C7EF2904348C008931BA /* Main.storyboard in Resources */,
				F5F2BF4A290716F700D702F3 /* Sad violin.mp3 in Resources */,
			);
			runOnlyForDeploymentPostprocessing = 0;
		};
/* End PBXResourcesBuildPhase section */

/* Begin PBXSourcesBuildPhase section */
		F506C7E02904348C008931BA /* Sources */ = {
			isa = PBXSourcesBuildPhase;
			buildActionMask = 2147483647;
			files = (
				F5F2BF342907071800D702F3 /* Sound.swift in Sources */,
				F5F2BF362907089800D702F3 /* SoundsModel.swift in Sources */,
				F506C7F22904348C008931BA /* MemeSoundBoard.xcdatamodeld in Sources */,
				F506C7EC2904348C008931BA /* ViewController.swift in Sources */,
				F506C80329057549008931BA /* CollectionViewCell.swift in Sources */,
				F506C7E82904348C008931BA /* AppDelegate.swift in Sources */,
				F506C7EA2904348C008931BA /* SceneDelegate.swift in Sources */,
				F506C8012905732F008931BA /* CollectionViewController.swift in Sources */,
				F5F2BF38290708FA00D702F3 /* SoundsBase.swift in Sources */,
			);
			runOnlyForDeploymentPostprocessing = 0;
		};
/* End PBXSourcesBuildPhase section */

/* Begin PBXVariantGroup section */
		F506C7ED2904348C008931BA /* Main.storyboard */ = {
			isa = PBXVariantGroup;
			children = (
				F506C7EE2904348C008931BA /* Base */,
			);
			name = Main.storyboard;
			sourceTree = "<group>";
		};
		F506C7F52904348D008931BA /* LaunchScreen.storyboard */ = {
			isa = PBXVariantGroup;
			children = (
				F506C7F62904348D008931BA /* Base */,
			);
			name = LaunchScreen.storyboard;
			sourceTree = "<group>";
		};
/* End PBXVariantGroup section */

/* Begin XCBuildConfiguration section */
		F506C7F92904348D008931BA /* Debug */ = {
			isa = XCBuildConfiguration;
			buildSettings = {
				ALWAYS_SEARCH_USER_PATHS = NO;
				CLANG_ANALYZER_NONNULL = YES;
				CLANG_ANALYZER_NUMBER_OBJECT_CONVERSION = YES_AGGRESSIVE;
				CLANG_CXX_LANGUAGE_STANDARD = "gnu++20";
				CLANG_ENABLE_MODULES = YES;
				CLANG_ENABLE_OBJC_ARC = YES;
				CLANG_ENABLE_OBJC_WEAK = YES;
				CLANG_WARN_BLOCK_CAPTURE_AUTORELEASING = YES;
				CLANG_WARN_BOOL_CONVERSION = YES;
				CLANG_WARN_COMMA = YES;
				CLANG_WARN_CONSTANT_CONVERSION = YES;
				CLANG_WARN_DEPRECATED_OBJC_IMPLEMENTATIONS = YES;
				CLANG_WARN_DIRECT_OBJC_ISA_USAGE = YES_ERROR;
				CLANG_WARN_DOCUMENTATION_COMMENTS = YES;
				CLANG_WARN_EMPTY_BODY = YES;
				CLANG_WARN_ENUM_CONVERSION = YES;
				CLANG_WARN_INFINITE_RECURSION = YES;
				CLANG_WARN_INT_CONVERSION = YES;
				CLANG_WARN_NON_LITERAL_NULL_CONVERSION = YES;
				CLANG_WARN_OBJC_IMPLICIT_RETAIN_SELF = YES;
				CLANG_WARN_OBJC_LITERAL_CONVERSION = YES;
				CLANG_WARN_OBJC_ROOT_CLASS = YES_ERROR;
				CLANG_WARN_QUOTED_INCLUDE_IN_FRAMEWORK_HEADER = YES;
				CLANG_WARN_RANGE_LOOP_ANALYSIS = YES;
				CLANG_WARN_STRICT_PROTOTYPES = YES;
				CLANG_WARN_SUSPICIOUS_MOVE = YES;
				CLANG_WARN_UNGUARDED_AVAILABILITY = YES_AGGRESSIVE;
				CLANG_WARN_UNREACHABLE_CODE = YES;
				CLANG_WARN__DUPLICATE_METHOD_MATCH = YES;
				COPY_PHASE_STRIP = NO;
				DEBUG_INFORMATION_FORMAT = dwarf;
				ENABLE_STRICT_OBJC_MSGSEND = YES;
				ENABLE_TESTABILITY = YES;
				GCC_C_LANGUAGE_STANDARD = gnu11;
				GCC_DYNAMIC_NO_PIC = NO;
				GCC_NO_COMMON_BLOCKS = YES;
				GCC_OPTIMIZATION_LEVEL = 0;
				GCC_PREPROCESSOR_DEFINITIONS = (
					"DEBUG=1",
					"$(inherited)",
				);
				GCC_WARN_64_TO_32_BIT_CONVERSION = YES;
				GCC_WARN_ABOUT_RETURN_TYPE = YES_ERROR;
				GCC_WARN_UNDECLARED_SELECTOR = YES;
				GCC_WARN_UNINITIALIZED_AUTOS = YES_AGGRESSIVE;
				GCC_WARN_UNUSED_FUNCTION = YES;
				GCC_WARN_UNUSED_VARIABLE = YES;
				IPHONEOS_DEPLOYMENT_TARGET = 16.0;
				MTL_ENABLE_DEBUG_INFO = INCLUDE_SOURCE;
				MTL_FAST_MATH = YES;
				ONLY_ACTIVE_ARCH = YES;
				SDKROOT = iphoneos;
				SWIFT_ACTIVE_COMPILATION_CONDITIONS = DEBUG;
				SWIFT_OPTIMIZATION_LEVEL = "-Onone";
			};
			name = Debug;
		};
		F506C7FA2904348D008931BA /* Release */ = {
			isa = XCBuildConfiguration;
			buildSettings = {
				ALWAYS_SEARCH_USER_PATHS = NO;
				CLANG_ANALYZER_NONNULL = YES;
				CLANG_ANALYZER_NUMBER_OBJECT_CONVERSION = YES_AGGRESSIVE;
				CLANG_CXX_LANGUAGE_STANDARD = "gnu++20";
				CLANG_ENABLE_MODULES = YES;
				CLANG_ENABLE_OBJC_ARC = YES;
				CLANG_ENABLE_OBJC_WEAK = YES;
				CLANG_WARN_BLOCK_CAPTURE_AUTORELEASING = YES;
				CLANG_WARN_BOOL_CONVERSION = YES;
				CLANG_WARN_COMMA = YES;
				CLANG_WARN_CONSTANT_CONVERSION = YES;
				CLANG_WARN_DEPRECATED_OBJC_IMPLEMENTATIONS = YES;
				CLANG_WARN_DIRECT_OBJC_ISA_USAGE = YES_ERROR;
				CLANG_WARN_DOCUMENTATION_COMMENTS = YES;
				CLANG_WARN_EMPTY_BODY = YES;
				CLANG_WARN_ENUM_CONVERSION = YES;
				CLANG_WARN_INFINITE_RECURSION = YES;
				CLANG_WARN_INT_CONVERSION = YES;
				CLANG_WARN_NON_LITERAL_NULL_CONVERSION = YES;
				CLANG_WARN_OBJC_IMPLICIT_RETAIN_SELF = YES;
				CLANG_WARN_OBJC_LITERAL_CONVERSION = YES;
				CLANG_WARN_OBJC_ROOT_CLASS = YES_ERROR;
				CLANG_WARN_QUOTED_INCLUDE_IN_FRAMEWORK_HEADER = YES;
				CLANG_WARN_RANGE_LOOP_ANALYSIS = YES;
				CLANG_WARN_STRICT_PROTOTYPES = YES;
				CLANG_WARN_SUSPICIOUS_MOVE = YES;
				CLANG_WARN_UNGUARDED_AVAILABILITY = YES_AGGRESSIVE;
				CLANG_WARN_UNREACHABLE_CODE = YES;
				CLANG_WARN__DUPLICATE_METHOD_MATCH = YES;
				COPY_PHASE_STRIP = NO;
				DEBUG_INFORMATION_FORMAT = "dwarf-with-dsym";
				ENABLE_NS_ASSERTIONS = NO;
				ENABLE_STRICT_OBJC_MSGSEND = YES;
				GCC_C_LANGUAGE_STANDARD = gnu11;
				GCC_NO_COMMON_BLOCKS = YES;
				GCC_WARN_64_TO_32_BIT_CONVERSION = YES;
				GCC_WARN_ABOUT_RETURN_TYPE = YES_ERROR;
				GCC_WARN_UNDECLARED_SELECTOR = YES;
				GCC_WARN_UNINITIALIZED_AUTOS = YES_AGGRESSIVE;
				GCC_WARN_UNUSED_FUNCTION = YES;
				GCC_WARN_UNUSED_VARIABLE = YES;
				IPHONEOS_DEPLOYMENT_TARGET = 16.0;
				MTL_ENABLE_DEBUG_INFO = NO;
				MTL_FAST_MATH = YES;
				SDKROOT = iphoneos;
				SWIFT_COMPILATION_MODE = wholemodule;
				SWIFT_OPTIMIZATION_LEVEL = "-O";
				VALIDATE_PRODUCT = YES;
			};
			name = Release;
		};
		F506C7FC2904348D008931BA /* Debug */ = {
			isa = XCBuildConfiguration;
			buildSettings = {
				ASSETCATALOG_COMPILER_APPICON_NAME = AppIcon;
				ASSETCATALOG_COMPILER_GLOBAL_ACCENT_COLOR_NAME = AccentColor;
				CODE_SIGN_STYLE = Automatic;
				CURRENT_PROJECT_VERSION = 1;
				DEVELOPMENT_TEAM = A34GH6Z753;
				GENERATE_INFOPLIST_FILE = YES;
				INFOPLIST_FILE = MemeSoundBoard/Info.plist;
				INFOPLIST_KEY_UIApplicationSupportsIndirectInputEvents = YES;
				INFOPLIST_KEY_UILaunchStoryboardName = LaunchScreen;
				INFOPLIST_KEY_UIMainStoryboardFile = Main;
				INFOPLIST_KEY_UISupportedInterfaceOrientations_iPad = "UIInterfaceOrientationPortrait UIInterfaceOrientationPortraitUpsideDown UIInterfaceOrientationLandscapeLeft UIInterfaceOrientationLandscapeRight";
				INFOPLIST_KEY_UISupportedInterfaceOrientations_iPhone = "UIInterfaceOrientationPortrait UIInterfaceOrientationLandscapeLeft UIInterfaceOrientationLandscapeRight";
				LD_RUNPATH_SEARCH_PATHS = (
					"$(inherited)",
					"@executable_path/Frameworks",
				);
				MARKETING_VERSION = 1.0;
				PRODUCT_BUNDLE_IDENTIFIER = com.kamilcaglar.MemeSoundBoard;
				PRODUCT_NAME = "$(TARGET_NAME)";
				SWIFT_EMIT_LOC_STRINGS = YES;
				SWIFT_VERSION = 5.0;
				TARGETED_DEVICE_FAMILY = "1,2";
			};
			name = Debug;
		};
		F506C7FD2904348D008931BA /* Release */ = {
			isa = XCBuildConfiguration;
			buildSettings = {
				ASSETCATALOG_COMPILER_APPICON_NAME = AppIcon;
				ASSETCATALOG_COMPILER_GLOBAL_ACCENT_COLOR_NAME = AccentColor;
				CODE_SIGN_STYLE = Automatic;
				CURRENT_PROJECT_VERSION = 1;
				DEVELOPMENT_TEAM = A34GH6Z753;
				GENERATE_INFOPLIST_FILE = YES;
				INFOPLIST_FILE = MemeSoundBoard/Info.plist;
				INFOPLIST_KEY_UIApplicationSupportsIndirectInputEvents = YES;
				INFOPLIST_KEY_UILaunchStoryboardName = LaunchScreen;
				INFOPLIST_KEY_UIMainStoryboardFile = Main;
				INFOPLIST_KEY_UISupportedInterfaceOrientations_iPad = "UIInterfaceOrientationPortrait UIInterfaceOrientationPortraitUpsideDown UIInterfaceOrientationLandscapeLeft UIInterfaceOrientationLandscapeRight";
				INFOPLIST_KEY_UISupportedInterfaceOrientations_iPhone = "UIInterfaceOrientationPortrait UIInterfaceOrientationLandscapeLeft UIInterfaceOrientationLandscapeRight";
				LD_RUNPATH_SEARCH_PATHS = (
					"$(inherited)",
					"@executable_path/Frameworks",
				);
				MARKETING_VERSION = 1.0;
				PRODUCT_BUNDLE_IDENTIFIER = com.kamilcaglar.MemeSoundBoard;
				PRODUCT_NAME = "$(TARGET_NAME)";
				SWIFT_EMIT_LOC_STRINGS = YES;
				SWIFT_VERSION = 5.0;
				TARGETED_DEVICE_FAMILY = "1,2";
			};
			name = Release;
		};
/* End XCBuildConfiguration section */

/* Begin XCConfigurationList section */
		F506C7DF2904348C008931BA /* Build configuration list for PBXProject "MemeSoundBoard" */ = {
			isa = XCConfigurationList;
			buildConfigurations = (
				F506C7F92904348D008931BA /* Debug */,
				F506C7FA2904348D008931BA /* Release */,
			);
			defaultConfigurationIsVisible = 0;
			defaultConfigurationName = Release;
		};
		F506C7FB2904348D008931BA /* Build configuration list for PBXNativeTarget "MemeSoundBoard" */ = {
			isa = XCConfigurationList;
			buildConfigurations = (
				F506C7FC2904348D008931BA /* Debug */,
				F506C7FD2904348D008931BA /* Release */,
			);
			defaultConfigurationIsVisible = 0;
			defaultConfigurationName = Release;
		};
/* End XCConfigurationList section */

/* Begin XCVersionGroup section */
		F506C7F02904348C008931BA /* MemeSoundBoard.xcdatamodeld */ = {
			isa = XCVersionGroup;
			children = (
				F506C7F12904348C008931BA /* MemeSoundBoard.xcdatamodel */,
			);
			currentVersion = F506C7F12904348C008931BA /* MemeSoundBoard.xcdatamodel */;
			path = MemeSoundBoard.xcdatamodeld;
			sourceTree = "<group>";
			versionGroupType = wrapper.xcdatamodel;
		};
/* End XCVersionGroup section */
	};
	rootObject = F506C7DC2904348C008931BA /* Project object */;
}
